
Microsoft Visual Studio Solution File, Format Version 12.00
# Visual Studio Version 16
VisualStudioVersion = 16.0.31729.503
MinimumVisualStudioVersion = 10.0.40219.1
Project("{FAE04EC0-301F-11D3-BF4B-00C04F79EFBC}") = "HotelK.DAL", "HotelK.DAL\HotelK.DAL.csproj", "{02C11983-CB40-47A1-9302-DA0EAA85F9CD}"
EndProject
Project("{FAE04EC0-301F-11D3-BF4B-00C04F79EFBC}") = "HotelK.Services", "HotelK.Services\HotelK.Services.csproj", "{91E3DCAB-D4A2-41D2-BA93-C2154F294467}"
EndProject
Project("{FAE04EC0-301F-11D3-BF4B-00C04F79EFBC}") = "HotelK.Models", "HotelK.Models\HotelK.Models.csproj", "{AC60BF18-5048-4A17-952D-0B054142DCC2}"
EndProject
Project("{FAE04EC0-301F-11D3-BF4B-00C04F79EFBC}") = "HotelK.API", "HotelK.API\HotelK.API.csproj", "{DBBF7D4E-92C1-467F-8483-09A78E3210FB}"
EndProject
Global
	GlobalSection(SolutionConfigurationPlatforms) = preSolution
		Debug|Any CPU = Debug|Any CPU
		Release|Any CPU = Release|Any CPU
	EndGlobalSection
	GlobalSection(ProjectConfigurationPlatforms) = postSolution
		{02C11983-CB40-47A1-9302-DA0EAA85F9CD}.Debug|Any CPU.ActiveCfg = Debug|Any CPU
		{02C11983-CB40-47A1-9302-DA0EAA85F9CD}.Debug|Any CPU.Build.0 = Debug|Any CPU
		{02C11983-CB40-47A1-9302-DA0EAA85F9CD}.Release|Any CPU.ActiveCfg = Release|Any CPU
		{02C11983-CB40-47A1-9302-DA0EAA85F9CD}.Release|Any CPU.Build.0 = Release|Any CPU
		{91E3DCAB-D4A2-41D2-BA93-C2154F294467}.Debug|Any CPU.ActiveCfg = Debug|Any CPU
		{91E3DCAB-D4A2-41D2-BA93-C2154F294467}.Debug|Any CPU.Build.0 = Debug|Any CPU
		{91E3DCAB-D4A2-41D2-BA93-C2154F294467}.Release|Any CPU.ActiveCfg = Release|Any CPU
		{91E3DCAB-D4A2-41D2-BA93-C2154F294467}.Release|Any CPU.Build.0 = Release|Any CPU
		{AC60BF18-5048-4A17-952D-0B054142DCC2}.Debug|Any CPU.ActiveCfg = Debug|Any CPU
		{AC60BF18-5048-4A17-952D-0B054142DCC2}.Debug|Any CPU.Build.0 = Debug|Any CPU
		{AC60BF18-5048-4A17-952D-0B054142DCC2}.Release|Any CPU.ActiveCfg = Release|Any CPU
		{AC60BF18-5048-4A17-952D-0B054142DCC2}.Release|Any CPU.Build.0 = Release|Any CPU
		{DBBF7D4E-92C1-467F-8483-09A78E3210FB}.Debug|Any CPU.ActiveCfg = Debug|Any CPU
		{DBBF7D4E-92C1-467F-8483-09A78E3210FB}.Debug|Any CPU.Build.0 = Debug|Any CPU
		{DBBF7D4E-92C1-467F-8483-09A78E3210FB}.Release|Any CPU.ActiveCfg = Release|Any CPU
		{DBBF7D4E-92C1-467F-8483-09A78E3210FB}.Release|Any CPU.Build.0 = Release|Any CPU
	EndGlobalSection
	GlobalSection(SolutionProperties) = preSolution
		HideSolutionNode = FALSE
	EndGlobalSection
	GlobalSection(ExtensibilityGlobals) = postSolution
		SolutionGuid = {23DCB53A-C3F1-4FF3-B342-3F7DB74932F5}
	EndGlobalSection
EndGlobal
